{
  "nodes": {
    "nixpkgs": {
      "locked": {
        "lastModified": 1710021367,
        "narHash": "sha256-FuMVdWqXMT38u1lcySYyv93A7B8wU0EGzUr4t4jQu8g=",
        "owner": "nixos",
        "repo": "nixpkgs",
        "rev": "b94a96839afcc56de3551aa7472b8d9a3e77e05d",
        "type": "github"
      },
      "original": {
        "owner": "nixos",
        "ref": "nixos-23.11",
        "repo": "nixpkgs",
        "type": "github"
      }
    },
    "nixpkgs-opensource-terraform": {
      "locked": {
        "lastModified": 1694118906,
        "narHash": "sha256-XN5GagDT6y+5/+ztPzCn2h0HyWEsyJPZwJrMhmnRPmM=",
        "owner": "nixos",
        "repo": "nixpkgs",
        "rev": "39ed4b64ba5929e8e9221d06b719a758915e619b",
        "type": "github"
      },
      "original": {
        "owner": "nixos",
        "repo": "nixpkgs",
        "rev": "39ed4b64ba5929e8e9221d06b719a758915e619b",
        "type": "github"
      }
    },
    "nixpkgs-unstable": {
      "locked": {
        "lastModified": 1709961763,
        "narHash": "sha256-6H95HGJHhEZtyYA3rIQpvamMKAGoa8Yh2rFV29QnuGw=",
        "owner": "nixos",
        "repo": "nixpkgs",
        "rev": "3030f185ba6a4bf4f18b87f345f104e6a6961f34",
        "type": "github"
      },
      "original": {
        "owner": "nixos",
        "ref": "nixos-unstable",
        "repo": "nixpkgs",
        "type": "github"
      }
    },
    "root": {
      "inputs": {
        "nixpkgs": "nixpkgs",
        "nixpkgs-opensource-terraform": "nixpkgs-opensource-terraform",
        "nixpkgs-unstable": "nixpkgs-unstable"
      }
    }
  },
  "root": "root",
  "version": 7
}
